
Microsoft Visual Studio Solution File, Format Version 12.00
# Visual Studio Version 17
VisualStudioVersion = 17.2.32427.441
MinimumVisualStudioVersion = 10.0.40219.1
Project("{9A19103F-16F7-4668-BE54-9A1E7A4F7556}") = "ServiceAggregator", "ServiceAggregator\ServiceAggregator.csproj", "{5BB9E3FE-4773-4A71-A409-4F6F0F5B1085}"
EndProject
Project("{9A19103F-16F7-4668-BE54-9A1E7A4F7556}") = "ORM", "ORM\ORM.csproj", "{79FFCCAD-4237-4EA0-B98E-32D7AD78384E}"
EndProject
Project("{9A19103F-16F7-4668-BE54-9A1E7A4F7556}") = "TestApp", "TestApp\TestApp.csproj", "{D237DC9F-7BC6-4CCB-B45E-2C5C5D9CB19F}"
EndProject
Global
	GlobalSection(SolutionConfigurationPlatforms) = preSolution
		Debug|Any CPU = Debug|Any CPU
		Release|Any CPU = Release|Any CPU
	EndGlobalSection
	GlobalSection(ProjectConfigurationPlatforms) = postSolution
		{5BB9E3FE-4773-4A71-A409-4F6F0F5B1085}.Debug|Any CPU.ActiveCfg = Debug|Any CPU
		{5BB9E3FE-4773-4A71-A409-4F6F0F5B1085}.Debug|Any CPU.Build.0 = Debug|Any CPU
		{5BB9E3FE-4773-4A71-A409-4F6F0F5B1085}.Release|Any CPU.ActiveCfg = Release|Any CPU
		{5BB9E3FE-4773-4A71-A409-4F6F0F5B1085}.Release|Any CPU.Build.0 = Release|Any CPU
		{79FFCCAD-4237-4EA0-B98E-32D7AD78384E}.Debug|Any CPU.ActiveCfg = Debug|Any CPU
		{79FFCCAD-4237-4EA0-B98E-32D7AD78384E}.Debug|Any CPU.Build.0 = Debug|Any CPU
		{79FFCCAD-4237-4EA0-B98E-32D7AD78384E}.Release|Any CPU.ActiveCfg = Release|Any CPU
		{79FFCCAD-4237-4EA0-B98E-32D7AD78384E}.Release|Any CPU.Build.0 = Release|Any CPU
		{D237DC9F-7BC6-4CCB-B45E-2C5C5D9CB19F}.Debug|Any CPU.ActiveCfg = Debug|Any CPU
		{D237DC9F-7BC6-4CCB-B45E-2C5C5D9CB19F}.Debug|Any CPU.Build.0 = Debug|Any CPU
		{D237DC9F-7BC6-4CCB-B45E-2C5C5D9CB19F}.Release|Any CPU.ActiveCfg = Release|Any CPU
		{D237DC9F-7BC6-4CCB-B45E-2C5C5D9CB19F}.Release|Any CPU.Build.0 = Release|Any CPU
	EndGlobalSection
	GlobalSection(SolutionProperties) = preSolution
		HideSolutionNode = FALSE
	EndGlobalSection
	GlobalSection(ExtensibilityGlobals) = postSolution
		SolutionGuid = {7A9DE979-2D2D-4D2C-90D9-7F273D74E2DB}
	EndGlobalSection
EndGlobal
